
Microsoft Visual Studio Solution File, Format Version 12.00
# Visual Studio Version 17
VisualStudioVersion = 17.9.34616.47
MinimumVisualStudioVersion = 10.0.40219.1
Project("{FAE04EC0-301F-11D3-BF4B-00C04F79EFBC}") = "SplitWiseLLD", "SplitWiseLLD\SplitWiseLLD.csproj", "{61DF2F0F-656C-4CB2-B46C-9900F4D0C752}"
EndProject
Global
	GlobalSection(SolutionConfigurationPlatforms) = preSolution
		Debug|Any CPU = Debug|Any CPU
		Release|Any CPU = Release|Any CPU
	EndGlobalSection
	GlobalSection(ProjectConfigurationPlatforms) = postSolution
		{61DF2F0F-656C-4CB2-B46C-9900F4D0C752}.Debug|Any CPU.ActiveCfg = Debug|Any CPU
		{61DF2F0F-656C-4CB2-B46C-9900F4D0C752}.Debug|Any CPU.Build.0 = Debug|Any CPU
		{61DF2F0F-656C-4CB2-B46C-9900F4D0C752}.Release|Any CPU.ActiveCfg = Release|Any CPU
		{61DF2F0F-656C-4CB2-B46C-9900F4D0C752}.Release|Any CPU.Build.0 = Release|Any CPU
	EndGlobalSection
	GlobalSection(SolutionProperties) = preSolution
		HideSolutionNode = FALSE
	EndGlobalSection
	GlobalSection(ExtensibilityGlobals) = postSolution
		SolutionGuid = {B418CCFA-2AC6-42A1-A5B4-29B7D3547244}
	EndGlobalSection
EndGlobal
