
Microsoft Visual Studio Solution File, Format Version 12.00
# Visual Studio Version 17
VisualStudioVersion = 17.9.34616.47
MinimumVisualStudioVersion = 10.0.40219.1
Project("{FAE04EC0-301F-11D3-BF4B-00C04F79EFBC}") = "KeyValueStoreLLD", "KeyValueStoreLLD\KeyValueStoreLLD.csproj", "{D157FC72-0763-4128-892D-17A2B566B74F}"
EndProject
Global
	GlobalSection(SolutionConfigurationPlatforms) = preSolution
		Debug|Any CPU = Debug|Any CPU
		Release|Any CPU = Release|Any CPU
	EndGlobalSection
	GlobalSection(ProjectConfigurationPlatforms) = postSolution
		{D157FC72-0763-4128-892D-17A2B566B74F}.Debug|Any CPU.ActiveCfg = Debug|Any CPU
		{D157FC72-0763-4128-892D-17A2B566B74F}.Debug|Any CPU.Build.0 = Debug|Any CPU
		{D157FC72-0763-4128-892D-17A2B566B74F}.Release|Any CPU.ActiveCfg = Release|Any CPU
		{D157FC72-0763-4128-892D-17A2B566B74F}.Release|Any CPU.Build.0 = Release|Any CPU
	EndGlobalSection
	GlobalSection(SolutionProperties) = preSolution
		HideSolutionNode = FALSE
	EndGlobalSection
	GlobalSection(ExtensibilityGlobals) = postSolution
		SolutionGuid = {F50CA3A2-BC8B-4B43-B3BE-2BDF993292C4}
	EndGlobalSection
EndGlobal
