
Microsoft Visual Studio Solution File, Format Version 12.00
# Visual Studio Version 17
VisualStudioVersion = 17.9.34701.34
MinimumVisualStudioVersion = 10.0.40219.1
Project("{FAE04EC0-301F-11D3-BF4B-00C04F79EFBC}") = "Tracing2", "Tracing2\Tracing2.csproj", "{69B2012E-2A37-482C-8BB1-5E3510EDE35F}"
EndProject
Global
	GlobalSection(SolutionConfigurationPlatforms) = preSolution
		Debug|Any CPU = Debug|Any CPU
		Release|Any CPU = Release|Any CPU
	EndGlobalSection
	GlobalSection(ProjectConfigurationPlatforms) = postSolution
		{69B2012E-2A37-482C-8BB1-5E3510EDE35F}.Debug|Any CPU.ActiveCfg = Debug|Any CPU
		{69B2012E-2A37-482C-8BB1-5E3510EDE35F}.Debug|Any CPU.Build.0 = Debug|Any CPU
		{69B2012E-2A37-482C-8BB1-5E3510EDE35F}.Release|Any CPU.ActiveCfg = Release|Any CPU
		{69B2012E-2A37-482C-8BB1-5E3510EDE35F}.Release|Any CPU.Build.0 = Release|Any CPU
	EndGlobalSection
	GlobalSection(SolutionProperties) = preSolution
		HideSolutionNode = FALSE
	EndGlobalSection
	GlobalSection(ExtensibilityGlobals) = postSolution
		SolutionGuid = {A161110C-A665-4600-8E96-D0B5203F080F}
	EndGlobalSection
EndGlobal
