
Microsoft Visual Studio Solution File, Format Version 12.00
# Visual Studio Version 17
VisualStudioVersion = 17.9.34616.47
MinimumVisualStudioVersion = 10.0.40219.1
Project("{FAE04EC0-301F-11D3-BF4B-00C04F79EFBC}") = "BookMyShow", "BookMyShow\BookMyShow.csproj", "{EC19D863-5CFD-479A-BEF0-0451DDC4D291}"
EndProject
Global
	GlobalSection(SolutionConfigurationPlatforms) = preSolution
		Debug|Any CPU = Debug|Any CPU
		Release|Any CPU = Release|Any CPU
	EndGlobalSection
	GlobalSection(ProjectConfigurationPlatforms) = postSolution
		{EC19D863-5CFD-479A-BEF0-0451DDC4D291}.Debug|Any CPU.ActiveCfg = Debug|Any CPU
		{EC19D863-5CFD-479A-BEF0-0451DDC4D291}.Debug|Any CPU.Build.0 = Debug|Any CPU
		{EC19D863-5CFD-479A-BEF0-0451DDC4D291}.Release|Any CPU.ActiveCfg = Release|Any CPU
		{EC19D863-5CFD-479A-BEF0-0451DDC4D291}.Release|Any CPU.Build.0 = Release|Any CPU
	EndGlobalSection
	GlobalSection(SolutionProperties) = preSolution
		HideSolutionNode = FALSE
	EndGlobalSection
	GlobalSection(ExtensibilityGlobals) = postSolution
		SolutionGuid = {4576E2E7-1168-4D53-BF8E-8B3978491DC0}
	EndGlobalSection
EndGlobal
