
Microsoft Visual Studio Solution File, Format Version 12.00
# Visual Studio Version 17
VisualStudioVersion = 17.9.34723.18
MinimumVisualStudioVersion = 10.0.40219.1
Project("{9A19103F-16F7-4668-BE54-9A1E7A4F7556}") = "SolidPrincipal", "SolidPrincipal\SolidPrincipal.csproj", "{CF8B48E9-5278-4EF3-BBD3-94648FA799E8}"
EndProject
Project("{FAE04EC0-301F-11D3-BF4B-00C04F79EFBC}") = "LiskovSubstutionPrincipalSolution", "LiskovSubstutionPrincipalSolution\LiskovSubstutionPrincipalSolution.csproj", "{6EFBAABE-6D60-4412-BA80-00C9F331E1D0}"
EndProject
Global
	GlobalSection(SolutionConfigurationPlatforms) = preSolution
		Debug|Any CPU = Debug|Any CPU
		Release|Any CPU = Release|Any CPU
	EndGlobalSection
	GlobalSection(ProjectConfigurationPlatforms) = postSolution
		{CF8B48E9-5278-4EF3-BBD3-94648FA799E8}.Debug|Any CPU.ActiveCfg = Debug|Any CPU
		{CF8B48E9-5278-4EF3-BBD3-94648FA799E8}.Debug|Any CPU.Build.0 = Debug|Any CPU
		{CF8B48E9-5278-4EF3-BBD3-94648FA799E8}.Release|Any CPU.ActiveCfg = Release|Any CPU
		{CF8B48E9-5278-4EF3-BBD3-94648FA799E8}.Release|Any CPU.Build.0 = Release|Any CPU
		{6EFBAABE-6D60-4412-BA80-00C9F331E1D0}.Debug|Any CPU.ActiveCfg = Debug|Any CPU
		{6EFBAABE-6D60-4412-BA80-00C9F331E1D0}.Debug|Any CPU.Build.0 = Debug|Any CPU
		{6EFBAABE-6D60-4412-BA80-00C9F331E1D0}.Release|Any CPU.ActiveCfg = Release|Any CPU
		{6EFBAABE-6D60-4412-BA80-00C9F331E1D0}.Release|Any CPU.Build.0 = Release|Any CPU
	EndGlobalSection
	GlobalSection(SolutionProperties) = preSolution
		HideSolutionNode = FALSE
	EndGlobalSection
	GlobalSection(ExtensibilityGlobals) = postSolution
		SolutionGuid = {E187A478-1522-4198-BB7E-D3145F0CB044}
	EndGlobalSection
EndGlobal
