
Microsoft Visual Studio Solution File, Format Version 12.00
# Visual Studio Version 16
VisualStudioVersion = 16.0.31424.327
MinimumVisualStudioVersion = 10.0.40219.1
Project("{FAE04EC0-301F-11D3-BF4B-00C04F79EFBC}") = "OldMicrosoftService", "OldMicrosoftService\OldMicrosoftService.csproj", "{5C2EBBD6-CDA3-4273-B90D-5274AF435E53}"
EndProject
Global
	GlobalSection(SolutionConfigurationPlatforms) = preSolution
		Debug|Any CPU = Debug|Any CPU
		Release|Any CPU = Release|Any CPU
	EndGlobalSection
	GlobalSection(ProjectConfigurationPlatforms) = postSolution
		{5C2EBBD6-CDA3-4273-B90D-5274AF435E53}.Debug|Any CPU.ActiveCfg = Debug|Any CPU
		{5C2EBBD6-CDA3-4273-B90D-5274AF435E53}.Debug|Any CPU.Build.0 = Debug|Any CPU
		{5C2EBBD6-CDA3-4273-B90D-5274AF435E53}.Release|Any CPU.ActiveCfg = Release|Any CPU
		{5C2EBBD6-CDA3-4273-B90D-5274AF435E53}.Release|Any CPU.Build.0 = Release|Any CPU
	EndGlobalSection
	GlobalSection(SolutionProperties) = preSolution
		HideSolutionNode = FALSE
	EndGlobalSection
	GlobalSection(ExtensibilityGlobals) = postSolution
		SolutionGuid = {68CFB698-A374-4B99-AA3F-8A6A3D08C9D4}
	EndGlobalSection
EndGlobal
