
Microsoft Visual Studio Solution File, Format Version 12.00
# Visual Studio Version 17
VisualStudioVersion = 17.4.33205.214
MinimumVisualStudioVersion = 10.0.40219.1
Project("{FAE04EC0-301F-11D3-BF4B-00C04F79EFBC}") = "Anonymousfunction", "Anonymousfunction\Anonymousfunction.csproj", "{73EE868E-668F-4887-823F-500FD6CB63EB}"
EndProject
Global
	GlobalSection(SolutionConfigurationPlatforms) = preSolution
		Debug|Any CPU = Debug|Any CPU
		Release|Any CPU = Release|Any CPU
	EndGlobalSection
	GlobalSection(ProjectConfigurationPlatforms) = postSolution
		{73EE868E-668F-4887-823F-500FD6CB63EB}.Debug|Any CPU.ActiveCfg = Debug|Any CPU
		{73EE868E-668F-4887-823F-500FD6CB63EB}.Debug|Any CPU.Build.0 = Debug|Any CPU
		{73EE868E-668F-4887-823F-500FD6CB63EB}.Release|Any CPU.ActiveCfg = Release|Any CPU
		{73EE868E-668F-4887-823F-500FD6CB63EB}.Release|Any CPU.Build.0 = Release|Any CPU
	EndGlobalSection
	GlobalSection(SolutionProperties) = preSolution
		HideSolutionNode = FALSE
	EndGlobalSection
	GlobalSection(ExtensibilityGlobals) = postSolution
		SolutionGuid = {0B5ABB79-84B8-445A-BF0F-6DD8CF9546E9}
	EndGlobalSection
EndGlobal
