
Microsoft Visual Studio Solution File, Format Version 12.00
# Visual Studio Version 16
VisualStudioVersion = 16.0.31424.327
MinimumVisualStudioVersion = 10.0.40219.1
Project("{FAE04EC0-301F-11D3-BF4B-00C04F79EFBC}") = "CancellationTokenExample", "CancellationTokenExample\CancellationTokenExample.csproj", "{A0C5F6A2-1AC9-4B7B-A534-11EAA6E04828}"
EndProject
Global
	GlobalSection(SolutionConfigurationPlatforms) = preSolution
		Debug|Any CPU = Debug|Any CPU
		Release|Any CPU = Release|Any CPU
	EndGlobalSection
	GlobalSection(ProjectConfigurationPlatforms) = postSolution
		{A0C5F6A2-1AC9-4B7B-A534-11EAA6E04828}.Debug|Any CPU.ActiveCfg = Debug|Any CPU
		{A0C5F6A2-1AC9-4B7B-A534-11EAA6E04828}.Debug|Any CPU.Build.0 = Debug|Any CPU
		{A0C5F6A2-1AC9-4B7B-A534-11EAA6E04828}.Release|Any CPU.ActiveCfg = Release|Any CPU
		{A0C5F6A2-1AC9-4B7B-A534-11EAA6E04828}.Release|Any CPU.Build.0 = Release|Any CPU
	EndGlobalSection
	GlobalSection(SolutionProperties) = preSolution
		HideSolutionNode = FALSE
	EndGlobalSection
	GlobalSection(ExtensibilityGlobals) = postSolution
		SolutionGuid = {A56EBDCF-4ED2-4DBF-9B69-07A4AED23FDE}
	EndGlobalSection
EndGlobal
