
Microsoft Visual Studio Solution File, Format Version 12.00
# Visual Studio Version 17
VisualStudioVersion = 17.4.33205.214
MinimumVisualStudioVersion = 10.0.40219.1
Project("{9A19103F-16F7-4668-BE54-9A1E7A4F7556}") = "MyGraphQLServer", "MyGraphQLServer.csproj", "{865E50AD-2E61-48E5-BF88-39B99FE26AF3}"
EndProject
Global
	GlobalSection(SolutionConfigurationPlatforms) = preSolution
		Debug|Any CPU = Debug|Any CPU
		Release|Any CPU = Release|Any CPU
	EndGlobalSection
	GlobalSection(ProjectConfigurationPlatforms) = postSolution
		{865E50AD-2E61-48E5-BF88-39B99FE26AF3}.Debug|Any CPU.ActiveCfg = Debug|Any CPU
		{865E50AD-2E61-48E5-BF88-39B99FE26AF3}.Debug|Any CPU.Build.0 = Debug|Any CPU
		{865E50AD-2E61-48E5-BF88-39B99FE26AF3}.Release|Any CPU.ActiveCfg = Release|Any CPU
		{865E50AD-2E61-48E5-BF88-39B99FE26AF3}.Release|Any CPU.Build.0 = Release|Any CPU
	EndGlobalSection
	GlobalSection(SolutionProperties) = preSolution
		HideSolutionNode = FALSE
	EndGlobalSection
	GlobalSection(ExtensibilityGlobals) = postSolution
		SolutionGuid = {6C5CD293-FE44-41A2-B402-A0B3E5E49C4A}
	EndGlobalSection
EndGlobal
