
Microsoft Visual Studio Solution File, Format Version 12.00
# Visual Studio Version 17
VisualStudioVersion = 17.4.33205.214
MinimumVisualStudioVersion = 10.0.40219.1
Project("{FAE04EC0-301F-11D3-BF4B-00C04F79EFBC}") = "StaticVariable", "StaticVariable\StaticVariable.csproj", "{B57DF198-60E2-4635-835B-9254C43F1473}"
EndProject
Global
	GlobalSection(SolutionConfigurationPlatforms) = preSolution
		Debug|Any CPU = Debug|Any CPU
		Release|Any CPU = Release|Any CPU
	EndGlobalSection
	GlobalSection(ProjectConfigurationPlatforms) = postSolution
		{B57DF198-60E2-4635-835B-9254C43F1473}.Debug|Any CPU.ActiveCfg = Debug|Any CPU
		{B57DF198-60E2-4635-835B-9254C43F1473}.Debug|Any CPU.Build.0 = Debug|Any CPU
		{B57DF198-60E2-4635-835B-9254C43F1473}.Release|Any CPU.ActiveCfg = Release|Any CPU
		{B57DF198-60E2-4635-835B-9254C43F1473}.Release|Any CPU.Build.0 = Release|Any CPU
	EndGlobalSection
	GlobalSection(SolutionProperties) = preSolution
		HideSolutionNode = FALSE
	EndGlobalSection
	GlobalSection(ExtensibilityGlobals) = postSolution
		SolutionGuid = {9D8BD084-2BE5-4242-AE24-851E1C360135}
	EndGlobalSection
EndGlobal
