
Microsoft Visual Studio Solution File, Format Version 12.00
# Visual Studio Version 16
VisualStudioVersion = 16.0.31424.327
MinimumVisualStudioVersion = 10.0.40219.1
Project("{FAE04EC0-301F-11D3-BF4B-00C04F79EFBC}") = "WorkerService1", "WorkerService1\WorkerService1.csproj", "{9744CE9D-2B1F-4FD1-9793-E0A6DD2CB118}"
EndProject
Global
	GlobalSection(SolutionConfigurationPlatforms) = preSolution
		Debug|Any CPU = Debug|Any CPU
		Release|Any CPU = Release|Any CPU
	EndGlobalSection
	GlobalSection(ProjectConfigurationPlatforms) = postSolution
		{9744CE9D-2B1F-4FD1-9793-E0A6DD2CB118}.Debug|Any CPU.ActiveCfg = Debug|Any CPU
		{9744CE9D-2B1F-4FD1-9793-E0A6DD2CB118}.Debug|Any CPU.Build.0 = Debug|Any CPU
		{9744CE9D-2B1F-4FD1-9793-E0A6DD2CB118}.Release|Any CPU.ActiveCfg = Release|Any CPU
		{9744CE9D-2B1F-4FD1-9793-E0A6DD2CB118}.Release|Any CPU.Build.0 = Release|Any CPU
	EndGlobalSection
	GlobalSection(SolutionProperties) = preSolution
		HideSolutionNode = FALSE
	EndGlobalSection
	GlobalSection(ExtensibilityGlobals) = postSolution
		SolutionGuid = {2D75E68D-D2D9-4873-A0F6-B2A46D648253}
	EndGlobalSection
EndGlobal
