
Microsoft Visual Studio Solution File, Format Version 12.00
# Visual Studio Version 16
VisualStudioVersion = 16.0.31424.327
MinimumVisualStudioVersion = 10.0.40219.1
Project("{FAE04EC0-301F-11D3-BF4B-00C04F79EFBC}") = "StaticConstructor", "StaticConstructor\StaticConstructor.csproj", "{7C4EB28C-758C-44F9-AE3C-3B3063757407}"
EndProject
Global
	GlobalSection(SolutionConfigurationPlatforms) = preSolution
		Debug|Any CPU = Debug|Any CPU
		Release|Any CPU = Release|Any CPU
	EndGlobalSection
	GlobalSection(ProjectConfigurationPlatforms) = postSolution
		{7C4EB28C-758C-44F9-AE3C-3B3063757407}.Debug|Any CPU.ActiveCfg = Debug|Any CPU
		{7C4EB28C-758C-44F9-AE3C-3B3063757407}.Debug|Any CPU.Build.0 = Debug|Any CPU
		{7C4EB28C-758C-44F9-AE3C-3B3063757407}.Release|Any CPU.ActiveCfg = Release|Any CPU
		{7C4EB28C-758C-44F9-AE3C-3B3063757407}.Release|Any CPU.Build.0 = Release|Any CPU
	EndGlobalSection
	GlobalSection(SolutionProperties) = preSolution
		HideSolutionNode = FALSE
	EndGlobalSection
	GlobalSection(ExtensibilityGlobals) = postSolution
		SolutionGuid = {05C8B863-6267-4F02-8E84-6FBDFCE3B4B0}
	EndGlobalSection
EndGlobal
