
Microsoft Visual Studio Solution File, Format Version 12.00
# Visual Studio Version 17
VisualStudioVersion = 17.4.33205.214
MinimumVisualStudioVersion = 10.0.40219.1
Project("{FAE04EC0-301F-11D3-BF4B-00C04F79EFBC}") = "MatrixWithObstacle", "MatrixWithObstacle\MatrixWithObstacle.csproj", "{76463446-96D8-4F3B-921F-6F4BA2B5CF7F}"
EndProject
Global
	GlobalSection(SolutionConfigurationPlatforms) = preSolution
		Debug|Any CPU = Debug|Any CPU
		Release|Any CPU = Release|Any CPU
	EndGlobalSection
	GlobalSection(ProjectConfigurationPlatforms) = postSolution
		{76463446-96D8-4F3B-921F-6F4BA2B5CF7F}.Debug|Any CPU.ActiveCfg = Debug|Any CPU
		{76463446-96D8-4F3B-921F-6F4BA2B5CF7F}.Debug|Any CPU.Build.0 = Debug|Any CPU
		{76463446-96D8-4F3B-921F-6F4BA2B5CF7F}.Release|Any CPU.ActiveCfg = Release|Any CPU
		{76463446-96D8-4F3B-921F-6F4BA2B5CF7F}.Release|Any CPU.Build.0 = Release|Any CPU
	EndGlobalSection
	GlobalSection(SolutionProperties) = preSolution
		HideSolutionNode = FALSE
	EndGlobalSection
	GlobalSection(ExtensibilityGlobals) = postSolution
		SolutionGuid = {827B9C67-2462-4121-B719-403CD100BB9D}
	EndGlobalSection
EndGlobal
