
Microsoft Visual Studio Solution File, Format Version 12.00
# Visual Studio Version 17
VisualStudioVersion = 17.4.33205.214
MinimumVisualStudioVersion = 10.0.40219.1
Project("{9A19103F-16F7-4668-BE54-9A1E7A4F7556}") = "TaskWaitAll", "TaskWaitAll\TaskWaitAll.csproj", "{52F4291F-E4BD-4BD1-B193-CADD4EB917A0}"
EndProject
Project("{9A19103F-16F7-4668-BE54-9A1E7A4F7556}") = "ConsoleApp1", "D:\visualStudioPrograms\ConsoleApp1\ConsoleApp1.csproj", "{A9EC0D34-1A6B-45B2-9532-9B057131D05A}"
EndProject
Project("{9A19103F-16F7-4668-BE54-9A1E7A4F7556}") = "multipleAwaits", "multipleAwaits\multipleAwaits.csproj", "{74149657-2745-4B9E-96BC-8A848C8337DF}"
EndProject
Project("{FAE04EC0-301F-11D3-BF4B-00C04F79EFBC}") = "TaskContinueWith", "TaskContinueWith\TaskContinueWith.csproj", "{E06450A5-D77D-4F98-8232-88CE92A165BD}"
EndProject
Project("{FAE04EC0-301F-11D3-BF4B-00C04F79EFBC}") = "ExceptionHandlingInAwait", "ExceptionHandlingInAwait\ExceptionHandlingInAwait.csproj", "{65A1CC9C-1F6C-4854-9DBA-624396DEF6C7}"
EndProject
Global
	GlobalSection(SolutionConfigurationPlatforms) = preSolution
		Debug|Any CPU = Debug|Any CPU
		Release|Any CPU = Release|Any CPU
	EndGlobalSection
	GlobalSection(ProjectConfigurationPlatforms) = postSolution
		{52F4291F-E4BD-4BD1-B193-CADD4EB917A0}.Debug|Any CPU.ActiveCfg = Debug|Any CPU
		{52F4291F-E4BD-4BD1-B193-CADD4EB917A0}.Debug|Any CPU.Build.0 = Debug|Any CPU
		{52F4291F-E4BD-4BD1-B193-CADD4EB917A0}.Release|Any CPU.ActiveCfg = Release|Any CPU
		{52F4291F-E4BD-4BD1-B193-CADD4EB917A0}.Release|Any CPU.Build.0 = Release|Any CPU
		{A9EC0D34-1A6B-45B2-9532-9B057131D05A}.Debug|Any CPU.ActiveCfg = Debug|Any CPU
		{A9EC0D34-1A6B-45B2-9532-9B057131D05A}.Debug|Any CPU.Build.0 = Debug|Any CPU
		{A9EC0D34-1A6B-45B2-9532-9B057131D05A}.Release|Any CPU.ActiveCfg = Release|Any CPU
		{A9EC0D34-1A6B-45B2-9532-9B057131D05A}.Release|Any CPU.Build.0 = Release|Any CPU
		{74149657-2745-4B9E-96BC-8A848C8337DF}.Debug|Any CPU.ActiveCfg = Debug|Any CPU
		{74149657-2745-4B9E-96BC-8A848C8337DF}.Debug|Any CPU.Build.0 = Debug|Any CPU
		{74149657-2745-4B9E-96BC-8A848C8337DF}.Release|Any CPU.ActiveCfg = Release|Any CPU
		{74149657-2745-4B9E-96BC-8A848C8337DF}.Release|Any CPU.Build.0 = Release|Any CPU
		{E06450A5-D77D-4F98-8232-88CE92A165BD}.Debug|Any CPU.ActiveCfg = Debug|Any CPU
		{E06450A5-D77D-4F98-8232-88CE92A165BD}.Debug|Any CPU.Build.0 = Debug|Any CPU
		{E06450A5-D77D-4F98-8232-88CE92A165BD}.Release|Any CPU.ActiveCfg = Release|Any CPU
		{E06450A5-D77D-4F98-8232-88CE92A165BD}.Release|Any CPU.Build.0 = Release|Any CPU
		{65A1CC9C-1F6C-4854-9DBA-624396DEF6C7}.Debug|Any CPU.ActiveCfg = Debug|Any CPU
		{65A1CC9C-1F6C-4854-9DBA-624396DEF6C7}.Debug|Any CPU.Build.0 = Debug|Any CPU
		{65A1CC9C-1F6C-4854-9DBA-624396DEF6C7}.Release|Any CPU.ActiveCfg = Release|Any CPU
		{65A1CC9C-1F6C-4854-9DBA-624396DEF6C7}.Release|Any CPU.Build.0 = Release|Any CPU
	EndGlobalSection
	GlobalSection(SolutionProperties) = preSolution
		HideSolutionNode = FALSE
	EndGlobalSection
	GlobalSection(ExtensibilityGlobals) = postSolution
		SolutionGuid = {FDC3CA56-6E15-4398-A736-462F736FCD34}
	EndGlobalSection
EndGlobal
