
Microsoft Visual Studio Solution File, Format Version 12.00
# Visual Studio Version 17
VisualStudioVersion = 17.9.34616.47
MinimumVisualStudioVersion = 10.0.40219.1
Project("{FAE04EC0-301F-11D3-BF4B-00C04F79EFBC}") = "VendingMachineLLD", "VendingMachineLLD\VendingMachineLLD.csproj", "{CA0F2073-F65A-4F3E-8FCC-C8A6F08BB635}"
EndProject
Global
	GlobalSection(SolutionConfigurationPlatforms) = preSolution
		Debug|Any CPU = Debug|Any CPU
		Release|Any CPU = Release|Any CPU
	EndGlobalSection
	GlobalSection(ProjectConfigurationPlatforms) = postSolution
		{CA0F2073-F65A-4F3E-8FCC-C8A6F08BB635}.Debug|Any CPU.ActiveCfg = Debug|Any CPU
		{CA0F2073-F65A-4F3E-8FCC-C8A6F08BB635}.Debug|Any CPU.Build.0 = Debug|Any CPU
		{CA0F2073-F65A-4F3E-8FCC-C8A6F08BB635}.Release|Any CPU.ActiveCfg = Release|Any CPU
		{CA0F2073-F65A-4F3E-8FCC-C8A6F08BB635}.Release|Any CPU.Build.0 = Release|Any CPU
	EndGlobalSection
	GlobalSection(SolutionProperties) = preSolution
		HideSolutionNode = FALSE
	EndGlobalSection
	GlobalSection(ExtensibilityGlobals) = postSolution
		SolutionGuid = {FD479D51-01EB-4A09-AA2F-14F8F7BEB30D}
	EndGlobalSection
EndGlobal
