
Microsoft Visual Studio Solution File, Format Version 12.00
# Visual Studio Version 16
VisualStudioVersion = 16.0.31424.327
MinimumVisualStudioVersion = 10.0.40219.1
Project("{FAE04EC0-301F-11D3-BF4B-00C04F79EFBC}") = "ParallelLinq", "ParallelLinq\ParallelLinq.csproj", "{AB1E9F2D-EFFA-4B9F-AF6A-D7DD7CDB65EF}"
EndProject
Global
	GlobalSection(SolutionConfigurationPlatforms) = preSolution
		Debug|Any CPU = Debug|Any CPU
		Release|Any CPU = Release|Any CPU
	EndGlobalSection
	GlobalSection(ProjectConfigurationPlatforms) = postSolution
		{AB1E9F2D-EFFA-4B9F-AF6A-D7DD7CDB65EF}.Debug|Any CPU.ActiveCfg = Debug|Any CPU
		{AB1E9F2D-EFFA-4B9F-AF6A-D7DD7CDB65EF}.Debug|Any CPU.Build.0 = Debug|Any CPU
		{AB1E9F2D-EFFA-4B9F-AF6A-D7DD7CDB65EF}.Release|Any CPU.ActiveCfg = Release|Any CPU
		{AB1E9F2D-EFFA-4B9F-AF6A-D7DD7CDB65EF}.Release|Any CPU.Build.0 = Release|Any CPU
	EndGlobalSection
	GlobalSection(SolutionProperties) = preSolution
		HideSolutionNode = FALSE
	EndGlobalSection
	GlobalSection(ExtensibilityGlobals) = postSolution
		SolutionGuid = {D74ADAA6-16FD-4498-8975-E7106CD59CAE}
	EndGlobalSection
EndGlobal
