
Microsoft Visual Studio Solution File, Format Version 12.00
# Visual Studio Version 16
VisualStudioVersion = 16.0.31424.327
MinimumVisualStudioVersion = 10.0.40219.1
Project("{FAE04EC0-301F-11D3-BF4B-00C04F79EFBC}") = "FactoryMethodDesignPattern", "FactoryDesignPattern\FactoryMethodDesignPattern.csproj", "{F4CA9B0F-8390-491C-9948-75EAE8CA7850}"
EndProject
Global
	GlobalSection(SolutionConfigurationPlatforms) = preSolution
		Debug|Any CPU = Debug|Any CPU
		Release|Any CPU = Release|Any CPU
	EndGlobalSection
	GlobalSection(ProjectConfigurationPlatforms) = postSolution
		{F4CA9B0F-8390-491C-9948-75EAE8CA7850}.Debug|Any CPU.ActiveCfg = Debug|Any CPU
		{F4CA9B0F-8390-491C-9948-75EAE8CA7850}.Debug|Any CPU.Build.0 = Debug|Any CPU
		{F4CA9B0F-8390-491C-9948-75EAE8CA7850}.Release|Any CPU.ActiveCfg = Release|Any CPU
		{F4CA9B0F-8390-491C-9948-75EAE8CA7850}.Release|Any CPU.Build.0 = Release|Any CPU
	EndGlobalSection
	GlobalSection(SolutionProperties) = preSolution
		HideSolutionNode = FALSE
	EndGlobalSection
	GlobalSection(ExtensibilityGlobals) = postSolution
		SolutionGuid = {BE8AF043-016E-4273-B554-1A66970BFDE2}
	EndGlobalSection
EndGlobal
