
Microsoft Visual Studio Solution File, Format Version 12.00
# Visual Studio Version 17
VisualStudioVersion = 17.4.33205.214
MinimumVisualStudioVersion = 10.0.40219.1
Project("{FAE04EC0-301F-11D3-BF4B-00C04F79EFBC}") = "ReturningDataFromAThreadCallBack", "ReturningDataFromAThreadCallBack\ReturningDataFromAThreadCallBack.csproj", "{5B0C5FB3-F02F-4B98-AEE3-F45E12B1A11A}"
EndProject
Global
	GlobalSection(SolutionConfigurationPlatforms) = preSolution
		Debug|Any CPU = Debug|Any CPU
		Release|Any CPU = Release|Any CPU
	EndGlobalSection
	GlobalSection(ProjectConfigurationPlatforms) = postSolution
		{5B0C5FB3-F02F-4B98-AEE3-F45E12B1A11A}.Debug|Any CPU.ActiveCfg = Debug|Any CPU
		{5B0C5FB3-F02F-4B98-AEE3-F45E12B1A11A}.Debug|Any CPU.Build.0 = Debug|Any CPU
		{5B0C5FB3-F02F-4B98-AEE3-F45E12B1A11A}.Release|Any CPU.ActiveCfg = Release|Any CPU
		{5B0C5FB3-F02F-4B98-AEE3-F45E12B1A11A}.Release|Any CPU.Build.0 = Release|Any CPU
	EndGlobalSection
	GlobalSection(SolutionProperties) = preSolution
		HideSolutionNode = FALSE
	EndGlobalSection
	GlobalSection(ExtensibilityGlobals) = postSolution
		SolutionGuid = {67B19CD3-AD87-4263-8BCA-671FDF3BF266}
	EndGlobalSection
EndGlobal
