
Microsoft Visual Studio Solution File, Format Version 12.00
# Visual Studio Version 16
VisualStudioVersion = 16.0.31424.327
MinimumVisualStudioVersion = 10.0.40219.1
Project("{FAE04EC0-301F-11D3-BF4B-00C04F79EFBC}") = "helloDotnet5", "helloDotnet5\helloDotnet5.csproj", "{C1F2EFAD-3822-46BC-9D99-3D9FC1BD90D1}"
EndProject
Global
	GlobalSection(SolutionConfigurationPlatforms) = preSolution
		Debug|Any CPU = Debug|Any CPU
		Release|Any CPU = Release|Any CPU
	EndGlobalSection
	GlobalSection(ProjectConfigurationPlatforms) = postSolution
		{C1F2EFAD-3822-46BC-9D99-3D9FC1BD90D1}.Debug|Any CPU.ActiveCfg = Debug|Any CPU
		{C1F2EFAD-3822-46BC-9D99-3D9FC1BD90D1}.Debug|Any CPU.Build.0 = Debug|Any CPU
		{C1F2EFAD-3822-46BC-9D99-3D9FC1BD90D1}.Release|Any CPU.ActiveCfg = Release|Any CPU
		{C1F2EFAD-3822-46BC-9D99-3D9FC1BD90D1}.Release|Any CPU.Build.0 = Release|Any CPU
	EndGlobalSection
	GlobalSection(SolutionProperties) = preSolution
		HideSolutionNode = FALSE
	EndGlobalSection
	GlobalSection(ExtensibilityGlobals) = postSolution
		SolutionGuid = {7A09D062-91C3-4F98-98E1-31AC68DCE7FB}
	EndGlobalSection
EndGlobal
