
Microsoft Visual Studio Solution File, Format Version 12.00
# Visual Studio Version 17
VisualStudioVersion = 17.4.33205.214
MinimumVisualStudioVersion = 10.0.40219.1
Project("{FAE04EC0-301F-11D3-BF4B-00C04F79EFBC}") = "stringFunctions", "stringFunctions\stringFunctions.csproj", "{873CA67A-380C-4613-B61D-0E71BB32AFE1}"
EndProject
Global
	GlobalSection(SolutionConfigurationPlatforms) = preSolution
		Debug|Any CPU = Debug|Any CPU
		Release|Any CPU = Release|Any CPU
	EndGlobalSection
	GlobalSection(ProjectConfigurationPlatforms) = postSolution
		{873CA67A-380C-4613-B61D-0E71BB32AFE1}.Debug|Any CPU.ActiveCfg = Debug|Any CPU
		{873CA67A-380C-4613-B61D-0E71BB32AFE1}.Debug|Any CPU.Build.0 = Debug|Any CPU
		{873CA67A-380C-4613-B61D-0E71BB32AFE1}.Release|Any CPU.ActiveCfg = Release|Any CPU
		{873CA67A-380C-4613-B61D-0E71BB32AFE1}.Release|Any CPU.Build.0 = Release|Any CPU
	EndGlobalSection
	GlobalSection(SolutionProperties) = preSolution
		HideSolutionNode = FALSE
	EndGlobalSection
	GlobalSection(ExtensibilityGlobals) = postSolution
		SolutionGuid = {61FF4E8D-BB94-4A78-8FF5-7D3DA71A8F32}
	EndGlobalSection
EndGlobal
