
Microsoft Visual Studio Solution File, Format Version 12.00
# Visual Studio Version 16
VisualStudioVersion = 16.0.31424.327
MinimumVisualStudioVersion = 10.0.40219.1
Project("{FAE04EC0-301F-11D3-BF4B-00C04F79EFBC}") = "Threadsynchronization", "Threadsynchronization\Threadsynchronization.csproj", "{FC2D9417-7A25-421B-A621-C60C4BB01792}"
EndProject
Project("{FAE04EC0-301F-11D3-BF4B-00C04F79EFBC}") = "ManualResetEventW", "ManualResetEvent\ManualResetEventW.csproj", "{994C5A1A-1CEE-4828-9AB9-49E1A6A2C29F}"
EndProject
Project("{FAE04EC0-301F-11D3-BF4B-00C04F79EFBC}") = "AutoResetEventW", "AutoResetEventW\AutoResetEventW.csproj", "{C96467F7-98F5-4922-B29B-00E1CA18D6B1}"
EndProject
Project("{FAE04EC0-301F-11D3-BF4B-00C04F79EFBC}") = "MutexW", "MutexW\MutexW.csproj", "{6F247CA8-4AD0-48F9-A74B-E05F53423403}"
EndProject
Project("{FAE04EC0-301F-11D3-BF4B-00C04F79EFBC}") = "SemaphoreW", "SemaphoreW\SemaphoreW.csproj", "{3EFF7420-A1E4-4C2F-B4F3-3D4DEDA27697}"
EndProject
Global
	GlobalSection(SolutionConfigurationPlatforms) = preSolution
		Debug|Any CPU = Debug|Any CPU
		Release|Any CPU = Release|Any CPU
	EndGlobalSection
	GlobalSection(ProjectConfigurationPlatforms) = postSolution
		{FC2D9417-7A25-421B-A621-C60C4BB01792}.Debug|Any CPU.ActiveCfg = Debug|Any CPU
		{FC2D9417-7A25-421B-A621-C60C4BB01792}.Debug|Any CPU.Build.0 = Debug|Any CPU
		{FC2D9417-7A25-421B-A621-C60C4BB01792}.Release|Any CPU.ActiveCfg = Release|Any CPU
		{FC2D9417-7A25-421B-A621-C60C4BB01792}.Release|Any CPU.Build.0 = Release|Any CPU
		{994C5A1A-1CEE-4828-9AB9-49E1A6A2C29F}.Debug|Any CPU.ActiveCfg = Debug|Any CPU
		{994C5A1A-1CEE-4828-9AB9-49E1A6A2C29F}.Debug|Any CPU.Build.0 = Debug|Any CPU
		{994C5A1A-1CEE-4828-9AB9-49E1A6A2C29F}.Release|Any CPU.ActiveCfg = Release|Any CPU
		{994C5A1A-1CEE-4828-9AB9-49E1A6A2C29F}.Release|Any CPU.Build.0 = Release|Any CPU
		{C96467F7-98F5-4922-B29B-00E1CA18D6B1}.Debug|Any CPU.ActiveCfg = Debug|Any CPU
		{C96467F7-98F5-4922-B29B-00E1CA18D6B1}.Debug|Any CPU.Build.0 = Debug|Any CPU
		{C96467F7-98F5-4922-B29B-00E1CA18D6B1}.Release|Any CPU.ActiveCfg = Release|Any CPU
		{C96467F7-98F5-4922-B29B-00E1CA18D6B1}.Release|Any CPU.Build.0 = Release|Any CPU
		{6F247CA8-4AD0-48F9-A74B-E05F53423403}.Debug|Any CPU.ActiveCfg = Debug|Any CPU
		{6F247CA8-4AD0-48F9-A74B-E05F53423403}.Debug|Any CPU.Build.0 = Debug|Any CPU
		{6F247CA8-4AD0-48F9-A74B-E05F53423403}.Release|Any CPU.ActiveCfg = Release|Any CPU
		{6F247CA8-4AD0-48F9-A74B-E05F53423403}.Release|Any CPU.Build.0 = Release|Any CPU
		{3EFF7420-A1E4-4C2F-B4F3-3D4DEDA27697}.Debug|Any CPU.ActiveCfg = Debug|Any CPU
		{3EFF7420-A1E4-4C2F-B4F3-3D4DEDA27697}.Debug|Any CPU.Build.0 = Debug|Any CPU
		{3EFF7420-A1E4-4C2F-B4F3-3D4DEDA27697}.Release|Any CPU.ActiveCfg = Release|Any CPU
		{3EFF7420-A1E4-4C2F-B4F3-3D4DEDA27697}.Release|Any CPU.Build.0 = Release|Any CPU
	EndGlobalSection
	GlobalSection(SolutionProperties) = preSolution
		HideSolutionNode = FALSE
	EndGlobalSection
	GlobalSection(ExtensibilityGlobals) = postSolution
		SolutionGuid = {A609BE89-4511-490B-8AC3-430F9A9D237D}
	EndGlobalSection
EndGlobal
