
Microsoft Visual Studio Solution File, Format Version 12.00
# Visual Studio Version 16
VisualStudioVersion = 16.0.31313.79
MinimumVisualStudioVersion = 10.0.40219.1
Project("{FAE04EC0-301F-11D3-BF4B-00C04F79EFBC}") = "ConsoleApp2", "ConsoleApp2\ConsoleApp2.csproj", "{80248F80-8276-43D8-933A-212920635877}"
EndProject
Global
	GlobalSection(SolutionConfigurationPlatforms) = preSolution
		Debug|Any CPU = Debug|Any CPU
		Release|Any CPU = Release|Any CPU
	EndGlobalSection
	GlobalSection(ProjectConfigurationPlatforms) = postSolution
		{80248F80-8276-43D8-933A-212920635877}.Debug|Any CPU.ActiveCfg = Debug|Any CPU
		{80248F80-8276-43D8-933A-212920635877}.Debug|Any CPU.Build.0 = Debug|Any CPU
		{80248F80-8276-43D8-933A-212920635877}.Release|Any CPU.ActiveCfg = Release|Any CPU
		{80248F80-8276-43D8-933A-212920635877}.Release|Any CPU.Build.0 = Release|Any CPU
	EndGlobalSection
	GlobalSection(SolutionProperties) = preSolution
		HideSolutionNode = FALSE
	EndGlobalSection
	GlobalSection(ExtensibilityGlobals) = postSolution
		SolutionGuid = {7CCBCEB2-CE1A-4244-BF00-8142B77EFF14}
	EndGlobalSection
EndGlobal
