
Microsoft Visual Studio Solution File, Format Version 12.00
# Visual Studio Version 17
VisualStudioVersion = 17.9.34723.18
MinimumVisualStudioVersion = 10.0.40219.1
Project("{FAE04EC0-301F-11D3-BF4B-00C04F79EFBC}") = "DIServiceResolution", "DIServiceResolution\DIServiceResolution.csproj", "{676637FC-1479-41F8-A6E8-C47775409253}"
EndProject
Global
	GlobalSection(SolutionConfigurationPlatforms) = preSolution
		Debug|Any CPU = Debug|Any CPU
		Release|Any CPU = Release|Any CPU
	EndGlobalSection
	GlobalSection(ProjectConfigurationPlatforms) = postSolution
		{676637FC-1479-41F8-A6E8-C47775409253}.Debug|Any CPU.ActiveCfg = Debug|Any CPU
		{676637FC-1479-41F8-A6E8-C47775409253}.Debug|Any CPU.Build.0 = Debug|Any CPU
		{676637FC-1479-41F8-A6E8-C47775409253}.Release|Any CPU.ActiveCfg = Release|Any CPU
		{676637FC-1479-41F8-A6E8-C47775409253}.Release|Any CPU.Build.0 = Release|Any CPU
	EndGlobalSection
	GlobalSection(SolutionProperties) = preSolution
		HideSolutionNode = FALSE
	EndGlobalSection
	GlobalSection(ExtensibilityGlobals) = postSolution
		SolutionGuid = {654F69C2-5100-4FC3-BFDE-B95605912886}
	EndGlobalSection
EndGlobal
