
Microsoft Visual Studio Solution File, Format Version 12.00
# Visual Studio Version 17
VisualStudioVersion = 17.9.34622.214
MinimumVisualStudioVersion = 10.0.40219.1
Project("{FAE04EC0-301F-11D3-BF4B-00C04F79EFBC}") = "InventoryManagementZeptoLLD", "InventoryManagementZeptoLLD\InventoryManagementZeptoLLD.csproj", "{B2C5D972-C4AB-401D-B3F1-AF0720DF993E}"
EndProject
Global
	GlobalSection(SolutionConfigurationPlatforms) = preSolution
		Debug|Any CPU = Debug|Any CPU
		Release|Any CPU = Release|Any CPU
	EndGlobalSection
	GlobalSection(ProjectConfigurationPlatforms) = postSolution
		{B2C5D972-C4AB-401D-B3F1-AF0720DF993E}.Debug|Any CPU.ActiveCfg = Debug|Any CPU
		{B2C5D972-C4AB-401D-B3F1-AF0720DF993E}.Debug|Any CPU.Build.0 = Debug|Any CPU
		{B2C5D972-C4AB-401D-B3F1-AF0720DF993E}.Release|Any CPU.ActiveCfg = Release|Any CPU
		{B2C5D972-C4AB-401D-B3F1-AF0720DF993E}.Release|Any CPU.Build.0 = Release|Any CPU
	EndGlobalSection
	GlobalSection(SolutionProperties) = preSolution
		HideSolutionNode = FALSE
	EndGlobalSection
	GlobalSection(ExtensibilityGlobals) = postSolution
		SolutionGuid = {D7EE0EA4-FCE7-4B38-9F1E-718C6ED97339}
	EndGlobalSection
EndGlobal
